// !$*UTF8*$!
{
	archiveVersion = 1;
	classes = {
	};
	objectVersion = 56;
	objects = {

/* Begin PBXBuildFile section */
		CE0BA45D29781CFF00BE6497 /* HudView.swift in Sources */ = {isa = PBXBuildFile; fileRef = CE0BA45C29781CFF00BE6497 /* HudView.swift */; };
		CE7F04BC296AAAF90052DC21 /* LocationDetailsViewController.swift in Sources */ = {isa = PBXBuildFile; fileRef = CE7F04BB296AAAF90052DC21 /* LocationDetailsViewController.swift */; };
		CE7F04BE296B44070052DC21 /* CategoryPickerViewController.swift in Sources */ = {isa = PBXBuildFile; fileRef = CE7F04BD296B44070052DC21 /* CategoryPickerViewController.swift */; };
		CE95DCE42980209100FECBF0 /* Location+CoreDataClass.swift in Sources */ = {isa = PBXBuildFile; fileRef = CE95DCE22980209100FECBF0 /* Location+CoreDataClass.swift */; };
		CE95DCE52980209100FECBF0 /* Location+CoreDataProperties.swift in Sources */ = {isa = PBXBuildFile; fileRef = CE95DCE32980209100FECBF0 /* Location+CoreDataProperties.swift */; };
		CEB3C8CC297EFF6C004100E5 /* Functions.swift in Sources */ = {isa = PBXBuildFile; fileRef = CEB3C8CB297EFF6C004100E5 /* Functions.swift */; };
		CEE46C992956064A0037D7D1 /* AppDelegate.swift in Sources */ = {isa = PBXBuildFile; fileRef = CEE46C982956064A0037D7D1 /* AppDelegate.swift */; };
		CEE46C9B2956064A0037D7D1 /* SceneDelegate.swift in Sources */ = {isa = PBXBuildFile; fileRef = CEE46C9A2956064A0037D7D1 /* SceneDelegate.swift */; };
		CEE46C9D2956064A0037D7D1 /* CurrentLocationViewController.swift in Sources */ = {isa = PBXBuildFile; fileRef = CEE46C9C2956064A0037D7D1 /* CurrentLocationViewController.swift */; };
		CEE46CA02956064A0037D7D1 /* Main.storyboard in Resources */ = {isa = PBXBuildFile; fileRef = CEE46C9E2956064A0037D7D1 /* Main.storyboard */; };
		CEE46CA32956064A0037D7D1 /* MyLocations.xcdatamodeld in Sources */ = {isa = PBXBuildFile; fileRef = CEE46CA12956064A0037D7D1 /* MyLocations.xcdatamodeld */; };
		CEE46CA52956064C0037D7D1 /* Assets.xcassets in Resources */ = {isa = PBXBuildFile; fileRef = CEE46CA42956064C0037D7D1 /* Assets.xcassets */; };
		CEE46CA82956064C0037D7D1 /* LaunchScreen.storyboard in Resources */ = {isa = PBXBuildFile; fileRef = CEE46CA62956064C0037D7D1 /* LaunchScreen.storyboard */; };
/* End PBXBuildFile section */

/* Begin PBXFileReference section */
		CE0BA45C29781CFF00BE6497 /* HudView.swift */ = {isa = PBXFileReference; lastKnownFileType = sourcecode.swift; path = HudView.swift; sourceTree = "<group>"; };
		CE7F04BB296AAAF90052DC21 /* LocationDetailsViewController.swift */ = {isa = PBXFileReference; lastKnownFileType = sourcecode.swift; path = LocationDetailsViewController.swift; sourceTree = "<group>"; };
		CE7F04BD296B44070052DC21 /* CategoryPickerViewController.swift */ = {isa = PBXFileReference; lastKnownFileType = sourcecode.swift; path = CategoryPickerViewController.swift; sourceTree = "<group>"; };
		CE95DCE22980209100FECBF0 /* Location+CoreDataClass.swift */ = {isa = PBXFileReference; lastKnownFileType = sourcecode.swift; path = "Location+CoreDataClass.swift"; sourceTree = "<group>"; };
		CE95DCE32980209100FECBF0 /* Location+CoreDataProperties.swift */ = {isa = PBXFileReference; lastKnownFileType = sourcecode.swift; path = "Location+CoreDataProperties.swift"; sourceTree = "<group>"; };
		CEB3C8CB297EFF6C004100E5 /* Functions.swift */ = {isa = PBXFileReference; lastKnownFileType = sourcecode.swift; path = Functions.swift; sourceTree = "<group>"; };
		CEE46C952956064A0037D7D1 /* MyLocations.app */ = {isa = PBXFileReference; explicitFileType = wrapper.application; includeInIndex = 0; path = MyLocations.app; sourceTree = BUILT_PRODUCTS_DIR; };
		CEE46C982956064A0037D7D1 /* AppDelegate.swift */ = {isa = PBXFileReference; lastKnownFileType = sourcecode.swift; path = AppDelegate.swift; sourceTree = "<group>"; };
		CEE46C9A2956064A0037D7D1 /* SceneDelegate.swift */ = {isa = PBXFileReference; lastKnownFileType = sourcecode.swift; path = SceneDelegate.swift; sourceTree = "<group>"; };
		CEE46C9C2956064A0037D7D1 /* CurrentLocationViewController.swift */ = {isa = PBXFileReference; lastKnownFileType = sourcecode.swift; path = CurrentLocationViewController.swift; sourceTree = "<group>"; };
		CEE46C9F2956064A0037D7D1 /* Base */ = {isa = PBXFileReference; lastKnownFileType = file.storyboard; name = Base; path = Base.lproj/Main.storyboard; sourceTree = "<group>"; };
		CEE46CA22956064A0037D7D1 /* MyLocations.xcdatamodel */ = {isa = PBXFileReference; lastKnownFileType = wrapper.xcdatamodel; path = MyLocations.xcdatamodel; sourceTree = "<group>"; };
		CEE46CA42956064C0037D7D1 /* Assets.xcassets */ = {isa = PBXFileReference; lastKnownFileType = folder.assetcatalog; path = Assets.xcassets; sourceTree = "<group>"; };
		CEE46CA72956064C0037D7D1 /* Base */ = {isa = PBXFileReference; lastKnownFileType = file.storyboard; name = Base; path = Base.lproj/LaunchScreen.storyboard; sourceTree = "<group>"; };
		CEE46CA92956064C0037D7D1 /* Info.plist */ = {isa = PBXFileReference; lastKnownFileType = text.plist.xml; path = Info.plist; sourceTree = "<group>"; };
/* End PBXFileReference section */

/* Begin PBXFrameworksBuildPhase section */
		CEE46C922956064A0037D7D1 /* Frameworks */ = {
			isa = PBXFrameworksBuildPhase;
			buildActionMask = 2147483647;
			files = (
			);
			runOnlyForDeploymentPostprocessing = 0;
		};
/* End PBXFrameworksBuildPhase section */

/* Begin PBXGroup section */
		CEE46C8C2956064A0037D7D1 = {
			isa = PBXGroup;
			children = (
				CE95DCE22980209100FECBF0 /* Location+CoreDataClass.swift */,
				CE95DCE32980209100FECBF0 /* Location+CoreDataProperties.swift */,
				CEE46C972956064A0037D7D1 /* MyLocations */,
				CEE46C962956064A0037D7D1 /* Products */,
			);
			sourceTree = "<group>";
		};
		CEE46C962956064A0037D7D1 /* Products */ = {
			isa = PBXGroup;
			children = (
				CEE46C952956064A0037D7D1 /* MyLocations.app */,
			);
			name = Products;
			sourceTree = "<group>";
		};
		CEE46C972956064A0037D7D1 /* MyLocations */ = {
			isa = PBXGroup;
			children = (
				CEE46C982956064A0037D7D1 /* AppDelegate.swift */,
				CEE46C9A2956064A0037D7D1 /* SceneDelegate.swift */,
				CE7F04BD296B44070052DC21 /* CategoryPickerViewController.swift */,
				CEE46C9C2956064A0037D7D1 /* CurrentLocationViewController.swift */,
				CE7F04BB296AAAF90052DC21 /* LocationDetailsViewController.swift */,
				CE0BA45C29781CFF00BE6497 /* HudView.swift */,
				CEB3C8CB297EFF6C004100E5 /* Functions.swift */,
				CEE46C9E2956064A0037D7D1 /* Main.storyboard */,
				CEE46CA42956064C0037D7D1 /* Assets.xcassets */,
				CEE46CA62956064C0037D7D1 /* LaunchScreen.storyboard */,
				CEE46CA92956064C0037D7D1 /* Info.plist */,
				CEE46CA12956064A0037D7D1 /* MyLocations.xcdatamodeld */,
			);
			path = MyLocations;
			sourceTree = "<group>";
		};
/* End PBXGroup section */

/* Begin PBXNativeTarget section */
		CEE46C942956064A0037D7D1 /* MyLocations */ = {
			isa = PBXNativeTarget;
			buildConfigurationList = CEE46CAC2956064C0037D7D1 /* Build configuration list for PBXNativeTarget "MyLocations" */;
			buildPhases = (
				CEE46C912956064A0037D7D1 /* Sources */,
				CEE46C922956064A0037D7D1 /* Frameworks */,
				CEE46C932956064A0037D7D1 /* Resources */,
			);
			buildRules = (
			);
			dependencies = (
			);
			name = MyLocations;
			productName = MyLocations;
			productReference = CEE46C952956064A0037D7D1 /* MyLocations.app */;
			productType = "com.apple.product-type.application";
		};
/* End PBXNativeTarget section */

/* Begin PBXProject section */
		CEE46C8D2956064A0037D7D1 /* Project object */ = {
			isa = PBXProject;
			attributes = {
				BuildIndependentTargetsInParallel = 1;
				LastSwiftUpdateCheck = 1410;
				LastUpgradeCheck = 1410;
				TargetAttributes = {
					CEE46C942956064A0037D7D1 = {
						CreatedOnToolsVersion = 14.1;
					};
				};
			};
			buildConfigurationList = CEE46C902956064A0037D7D1 /* Build configuration list for PBXProject "MyLocations" */;
			compatibilityVersion = "Xcode 14.0";
			developmentRegion = en;
			hasScannedForEncodings = 0;
			knownRegions = (
				en,
				Base,
			);
			mainGroup = CEE46C8C2956064A0037D7D1;
			productRefGroup = CEE46C962956064A0037D7D1 /* Products */;
			projectDirPath = "";
			projectRoot = "";
			targets = (
				CEE46C942956064A0037D7D1 /* MyLocations */,
			);
		};
/* End PBXProject section */

/* Begin PBXResourcesBuildPhase section */
		CEE46C932956064A0037D7D1 /* Resources */ = {
			isa = PBXResourcesBuildPhase;
			buildActionMask = 2147483647;
			files = (
				CEE46CA82956064C0037D7D1 /* LaunchScreen.storyboard in Resources */,
				CEE46CA52956064C0037D7D1 /* Assets.xcassets in Resources */,
				CEE46CA02956064A0037D7D1 /* Main.storyboard in Resources */,
			);
			runOnlyForDeploymentPostprocessing = 0;
		};
/* End PBXResourcesBuildPhase section */

/* Begin PBXSourcesBuildPhase section */
		CEE46C912956064A0037D7D1 /* Sources */ = {
			isa = PBXSourcesBuildPhase;
			buildActionMask = 2147483647;
			files = (
				CE7F04BE296B44070052DC21 /* CategoryPickerViewController.swift in Sources */,
				CE7F04BC296AAAF90052DC21 /* LocationDetailsViewController.swift in Sources */,
				CEE46C9D2956064A0037D7D1 /* CurrentLocationViewController.swift in Sources */,
				CEB3C8CC297EFF6C004100E5 /* Functions.swift in Sources */,
				CE95DCE52980209100FECBF0 /* Location+CoreDataProperties.swift in Sources */,
				CEE46C992956064A0037D7D1 /* AppDelegate.swift in Sources */,
				CEE46CA32956064A0037D7D1 /* MyLocations.xcdatamodeld in Sources */,
				CE95DCE42980209100FECBF0 /* Location+CoreDataClass.swift in Sources */,
				CE0BA45D29781CFF00BE6497 /* HudView.swift in Sources */,
				CEE46C9B2956064A0037D7D1 /* SceneDelegate.swift in Sources */,
			);
			runOnlyForDeploymentPostprocessing = 0;
		};
/* End PBXSourcesBuildPhase section */

/* Begin PBXVariantGroup section */
		CEE46C9E2956064A0037D7D1 /* Main.storyboard */ = {
			isa = PBXVariantGroup;
			children = (
				CEE46C9F2956064A0037D7D1 /* Base */,
			);
			name = Main.storyboard;
			sourceTree = "<group>";
		};
		CEE46CA62956064C0037D7D1 /* LaunchScreen.storyboard */ = {
			isa = PBXVariantGroup;
			children = (
				CEE46CA72956064C0037D7D1 /* Base */,
			);
			name = LaunchScreen.storyboard;
			sourceTree = "<group>";
		};
/* End PBXVariantGroup section */

/* Begin XCBuildConfiguration section */
		CEE46CAA2956064C0037D7D1 /* Debug */ = {
			isa = XCBuildConfiguration;
			buildSettings = {
				ALWAYS_SEARCH_USER_PATHS = NO;
				CLANG_ANALYZER_NONNULL = YES;
				CLANG_ANALYZER_NUMBER_OBJECT_CONVERSION = YES_AGGRESSIVE;
				CLANG_CXX_LANGUAGE_STANDARD = "gnu++20";
				CLANG_ENABLE_MODULES = YES;
				CLANG_ENABLE_OBJC_ARC = YES;
				CLANG_ENABLE_OBJC_WEAK = YES;
				CLANG_WARN_BLOCK_CAPTURE_AUTORELEASING = YES;
				CLANG_WARN_BOOL_CONVERSION = YES;
				CLANG_WARN_COMMA = YES;
				CLANG_WARN_CONSTANT_CONVERSION = YES;
				CLANG_WARN_DEPRECATED_OBJC_IMPLEMENTATIONS = YES;
				CLANG_WARN_DIRECT_OBJC_ISA_USAGE = YES_ERROR;
				CLANG_WARN_DOCUMENTATION_COMMENTS = YES;
				CLANG_WARN_EMPTY_BODY = YES;
				CLANG_WARN_ENUM_CONVERSION = YES;
				CLANG_WARN_INFINITE_RECURSION = YES;
				CLANG_WARN_INT_CONVERSION = YES;
				CLANG_WARN_NON_LITERAL_NULL_CONVERSION = YES;
				CLANG_WARN_OBJC_IMPLICIT_RETAIN_SELF = YES;
				CLANG_WARN_OBJC_LITERAL_CONVERSION = YES;
				CLANG_WARN_OBJC_ROOT_CLASS = YES_ERROR;
				CLANG_WARN_QUOTED_INCLUDE_IN_FRAMEWORK_HEADER = YES;
				CLANG_WARN_RANGE_LOOP_ANALYSIS = YES;
				CLANG_WARN_STRICT_PROTOTYPES = YES;
				CLANG_WARN_SUSPICIOUS_MOVE = YES;
				CLANG_WARN_UNGUARDED_AVAILABILITY = YES_AGGRESSIVE;
				CLANG_WARN_UNREACHABLE_CODE = YES;
				CLANG_WARN__DUPLICATE_METHOD_MATCH = YES;
				COPY_PHASE_STRIP = NO;
				DEBUG_INFORMATION_FORMAT = dwarf;
				ENABLE_STRICT_OBJC_MSGSEND = YES;
				ENABLE_TESTABILITY = YES;
				GCC_C_LANGUAGE_STANDARD = gnu11;
				GCC_DYNAMIC_NO_PIC = NO;
				GCC_NO_COMMON_BLOCKS = YES;
				GCC_OPTIMIZATION_LEVEL = 0;
				GCC_PREPROCESSOR_DEFINITIONS = (
					"DEBUG=1",
					"$(inherited)",
				);
				GCC_WARN_64_TO_32_BIT_CONVERSION = YES;
				GCC_WARN_ABOUT_RETURN_TYPE = YES_ERROR;
				GCC_WARN_UNDECLARED_SELECTOR = YES;
				GCC_WARN_UNINITIALIZED_AUTOS = YES_AGGRESSIVE;
				GCC_WARN_UNUSED_FUNCTION = YES;
				GCC_WARN_UNUSED_VARIABLE = YES;
				IPHONEOS_DEPLOYMENT_TARGET = 16.1;
				MTL_ENABLE_DEBUG_INFO = INCLUDE_SOURCE;
				MTL_FAST_MATH = YES;
				ONLY_ACTIVE_ARCH = YES;
				SDKROOT = iphoneos;
				SWIFT_ACTIVE_COMPILATION_CONDITIONS = DEBUG;
				SWIFT_OPTIMIZATION_LEVEL = "-Onone";
			};
			name = Debug;
		};
		CEE46CAB2956064C0037D7D1 /* Release */ = {
			isa = XCBuildConfiguration;
			buildSettings = {
				ALWAYS_SEARCH_USER_PATHS = NO;
				CLANG_ANALYZER_NONNULL = YES;
				CLANG_ANALYZER_NUMBER_OBJECT_CONVERSION = YES_AGGRESSIVE;
				CLANG_CXX_LANGUAGE_STANDARD = "gnu++20";
				CLANG_ENABLE_MODULES = YES;
				CLANG_ENABLE_OBJC_ARC = YES;
				CLANG_ENABLE_OBJC_WEAK = YES;
				CLANG_WARN_BLOCK_CAPTURE_AUTORELEASING = YES;
				CLANG_WARN_BOOL_CONVERSION = YES;
				CLANG_WARN_COMMA = YES;
				CLANG_WARN_CONSTANT_CONVERSION = YES;
				CLANG_WARN_DEPRECATED_OBJC_IMPLEMENTATIONS = YES;
				CLANG_WARN_DIRECT_OBJC_ISA_USAGE = YES_ERROR;
				CLANG_WARN_DOCUMENTATION_COMMENTS = YES;
				CLANG_WARN_EMPTY_BODY = YES;
				CLANG_WARN_ENUM_CONVERSION = YES;
				CLANG_WARN_INFINITE_RECURSION = YES;
				CLANG_WARN_INT_CONVERSION = YES;
				CLANG_WARN_NON_LITERAL_NULL_CONVERSION = YES;
				CLANG_WARN_OBJC_IMPLICIT_RETAIN_SELF = YES;
				CLANG_WARN_OBJC_LITERAL_CONVERSION = YES;
				CLANG_WARN_OBJC_ROOT_CLASS = YES_ERROR;
				CLANG_WARN_QUOTED_INCLUDE_IN_FRAMEWORK_HEADER = YES;
				CLANG_WARN_RANGE_LOOP_ANALYSIS = YES;
				CLANG_WARN_STRICT_PROTOTYPES = YES;
				CLANG_WARN_SUSPICIOUS_MOVE = YES;
				CLANG_WARN_UNGUARDED_AVAILABILITY = YES_AGGRESSIVE;
				CLANG_WARN_UNREACHABLE_CODE = YES;
				CLANG_WARN__DUPLICATE_METHOD_MATCH = YES;
				COPY_PHASE_STRIP = NO;
				DEBUG_INFORMATION_FORMAT = "dwarf-with-dsym";
				ENABLE_NS_ASSERTIONS = NO;
				ENABLE_STRICT_OBJC_MSGSEND = YES;
				GCC_C_LANGUAGE_STANDARD = gnu11;
				GCC_NO_COMMON_BLOCKS = YES;
				GCC_WARN_64_TO_32_BIT_CONVERSION = YES;
				GCC_WARN_ABOUT_RETURN_TYPE = YES_ERROR;
				GCC_WARN_UNDECLARED_SELECTOR = YES;
				GCC_WARN_UNINITIALIZED_AUTOS = YES_AGGRESSIVE;
				GCC_WARN_UNUSED_FUNCTION = YES;
				GCC_WARN_UNUSED_VARIABLE = YES;
				IPHONEOS_DEPLOYMENT_TARGET = 16.1;
				MTL_ENABLE_DEBUG_INFO = NO;
				MTL_FAST_MATH = YES;
				SDKROOT = iphoneos;
				SWIFT_COMPILATION_MODE = wholemodule;
				SWIFT_OPTIMIZATION_LEVEL = "-O";
				VALIDATE_PRODUCT = YES;
			};
			name = Release;
		};
		CEE46CAD2956064C0037D7D1 /* Debug */ = {
			isa = XCBuildConfiguration;
			buildSettings = {
				ASSETCATALOG_COMPILER_APPICON_NAME = AppIcon;
				ASSETCATALOG_COMPILER_GLOBAL_ACCENT_COLOR_NAME = AccentColor;
				CODE_SIGN_STYLE = Automatic;
				CURRENT_PROJECT_VERSION = 1;
				DEVELOPMENT_TEAM = 6B95GV89F8;
				GENERATE_INFOPLIST_FILE = YES;
				INFOPLIST_FILE = MyLocations/Info.plist;
				INFOPLIST_KEY_NSLocationWhenInUseUsageDescription = "This app lets you keep track of interesting places. It needs access to the GPS coordinates for your location.\nThis app lets you keep track of interesting places. It needs access to the GPS\ncoordinates for your location.\nThis app lets you keep track of interesting places. It needs access to the GPS\ncoordinates for your location.\nThis app lets you keep track of interesting places. It needs access to the GPS\ncoordinates for your location.\nThis app lets you keep track of interesting places. It needs access to the GPS\ncoordinates for your location.\nThis app lets you keep track of interesting places. It needs access to GPS coordinates from your locations.";
				INFOPLIST_KEY_UIApplicationSupportsIndirectInputEvents = YES;
				INFOPLIST_KEY_UILaunchStoryboardName = LaunchScreen;
				INFOPLIST_KEY_UIMainStoryboardFile = Main;
				INFOPLIST_KEY_UIRequiredDeviceCapabilities = gps;
				INFOPLIST_KEY_UISupportedInterfaceOrientations = UIInterfaceOrientationPortrait;
				IPHONEOS_DEPLOYMENT_TARGET = 15.0;
				LD_RUNPATH_SEARCH_PATHS = (
					"$(inherited)",
					"@executable_path/Frameworks",
				);
				MARKETING_VERSION = 1.0;
				PRODUCT_BUNDLE_IDENTIFIER = VVAS.MyLocations;
				PRODUCT_NAME = "$(TARGET_NAME)";
				SWIFT_EMIT_LOC_STRINGS = YES;
				SWIFT_VERSION = 5.0;
				TARGETED_DEVICE_FAMILY = "1,2";
			};
			name = Debug;
		};
		CEE46CAE2956064C0037D7D1 /* Release */ = {
			isa = XCBuildConfiguration;
			buildSettings = {
				ASSETCATALOG_COMPILER_APPICON_NAME = AppIcon;
				ASSETCATALOG_COMPILER_GLOBAL_ACCENT_COLOR_NAME = AccentColor;
				CODE_SIGN_STYLE = Automatic;
				CURRENT_PROJECT_VERSION = 1;
				DEVELOPMENT_TEAM = 6B95GV89F8;
				GENERATE_INFOPLIST_FILE = YES;
				INFOPLIST_FILE = MyLocations/Info.plist;
				INFOPLIST_KEY_NSLocationWhenInUseUsageDescription = "This app lets you keep track of interesting places. It needs access to the GPS coordinates for your location.\nThis app lets you keep track of interesting places. It needs access to the GPS\ncoordinates for your location.\nThis app lets you keep track of interesting places. It needs access to the GPS\ncoordinates for your location.\nThis app lets you keep track of interesting places. It needs access to the GPS\ncoordinates for your location.\nThis app lets you keep track of interesting places. It needs access to the GPS\ncoordinates for your location.\nThis app lets you keep track of interesting places. It needs access to GPS coordinates from your locations.";
				INFOPLIST_KEY_UIApplicationSupportsIndirectInputEvents = YES;
				INFOPLIST_KEY_UILaunchStoryboardName = LaunchScreen;
				INFOPLIST_KEY_UIMainStoryboardFile = Main;
				INFOPLIST_KEY_UIRequiredDeviceCapabilities = gps;
				INFOPLIST_KEY_UISupportedInterfaceOrientations = UIInterfaceOrientationPortrait;
				IPHONEOS_DEPLOYMENT_TARGET = 15.0;
				LD_RUNPATH_SEARCH_PATHS = (
					"$(inherited)",
					"@executable_path/Frameworks",
				);
				MARKETING_VERSION = 1.0;
				PRODUCT_BUNDLE_IDENTIFIER = VVAS.MyLocations;
				PRODUCT_NAME = "$(TARGET_NAME)";
				SWIFT_EMIT_LOC_STRINGS = YES;
				SWIFT_VERSION = 5.0;
				TARGETED_DEVICE_FAMILY = "1,2";
			};
			name = Release;
		};
/* End XCBuildConfiguration section */

/* Begin XCConfigurationList section */
		CEE46C902956064A0037D7D1 /* Build configuration list for PBXProject "MyLocations" */ = {
			isa = XCConfigurationList;
			buildConfigurations = (
				CEE46CAA2956064C0037D7D1 /* Debug */,
				CEE46CAB2956064C0037D7D1 /* Release */,
			);
			defaultConfigurationIsVisible = 0;
			defaultConfigurationName = Release;
		};
		CEE46CAC2956064C0037D7D1 /* Build configuration list for PBXNativeTarget "MyLocations" */ = {
			isa = XCConfigurationList;
			buildConfigurations = (
				CEE46CAD2956064C0037D7D1 /* Debug */,
				CEE46CAE2956064C0037D7D1 /* Release */,
			);
			defaultConfigurationIsVisible = 0;
			defaultConfigurationName = Release;
		};
/* End XCConfigurationList section */

/* Begin XCVersionGroup section */
		CEE46CA12956064A0037D7D1 /* MyLocations.xcdatamodeld */ = {
			isa = XCVersionGroup;
			children = (
				CEE46CA22956064A0037D7D1 /* MyLocations.xcdatamodel */,
			);
			currentVersion = CEE46CA22956064A0037D7D1 /* MyLocations.xcdatamodel */;
			path = MyLocations.xcdatamodeld;
			sourceTree = "<group>";
			versionGroupType = wrapper.xcdatamodel;
		};
/* End XCVersionGroup section */
	};
	rootObject = CEE46C8D2956064A0037D7D1 /* Project object */;
}
